
Microsoft Visual Studio Solution File, Format Version 11.00
# Visual Studio 2010
Project("{FAE04EC0-301F-11D3-BF4B-00C04F79EFBC}") = "DateRange", "DateRange.csproj", "{5D9C8F61-80D1-45BB-9343-58FEBD09B98A}"
EndProject
Global
	GlobalSection(SolutionConfigurationPlatforms) = preSolution
		Debug|Any CPU = Debug|Any CPU
		Release|Any CPU = Release|Any CPU
	EndGlobalSection
	GlobalSection(ProjectConfigurationPlatforms) = postSolution
		{5D9C8F61-80D1-45BB-9343-58FEBD09B98A}.Debug|Any CPU.ActiveCfg = Debug|Any CPU
		{5D9C8F61-80D1-45BB-9343-58FEBD09B98A}.Debug|Any CPU.Build.0 = Debug|Any CPU
		{5D9C8F61-80D1-45BB-9343-58FEBD09B98A}.Release|Any CPU.ActiveCfg = Release|Any CPU
		{5D9C8F61-80D1-45BB-9343-58FEBD09B98A}.Release|Any CPU.Build.0 = Release|Any CPU
	EndGlobalSection
	GlobalSection(SolutionProperties) = preSolution
		HideSolutionNode = FALSE
	EndGlobalSection
EndGlobal
